
Microsoft Visual Studio Solution File, Format Version 12.00
# Visual Studio Version 17
VisualStudioVersion = 17.0.31903.59
MinimumVisualStudioVersion = 10.0.40219.1
Project("{2150E333-8FDC-42A3-9474-1A3956D46DE8}") = "src", "src", "{827E0CD3-B72D-47B6-A68D-7590B98EB39B}"
EndProject
Project("{FAE04EC0-301F-11D3-BF4B-00C04F79EFBC}") = "HasarIhbar.Domain", "src\HasarIhbar.Domain\HasarIhbar.Domain.csproj", "{2F1360BF-7880-4A14-A97B-DE092C112B05}"
EndProject
Project("{FAE04EC0-301F-11D3-BF4B-00C04F79EFBC}") = "HasarIhbar.Application", "src\HasarIhbar.Application\HasarIhbar.Application.csproj", "{EEEABE3A-4A11-4B03-AE53-CC90DE15A230}"
EndProject
Project("{FAE04EC0-301F-11D3-BF4B-00C04F79EFBC}") = "HasarIhbar.Infrastructure", "src\HasarIhbar.Infrastructure\HasarIhbar.Infrastructure.csproj", "{86FEF6ED-1831-4F06-850C-017ACA8BDD62}"
EndProject
Project("{FAE04EC0-301F-11D3-BF4B-00C04F79EFBC}") = "HasarIhbar.UI", "src\HasarIhbar.UI\HasarIhbar.UI.csproj", "{99C13319-4B6B-4AC4-83F0-D4063884C954}"
EndProject
Project("{2150E333-8FDC-42A3-9474-1A3956D46DE8}") = "tests", "tests", "{0AB3BF05-4346-4AA6-1389-037BE0695223}"
EndProject
Project("{FAE04EC0-301F-11D3-BF4B-00C04F79EFBC}") = "HasarIhbar.Tests.Unit", "tests\HasarIhbar.Tests.Unit\HasarIhbar.Tests.Unit.csproj", "{2461165F-B2B3-4AAE-AE4E-D0A11DFCAD8F}"
EndProject
Project("{FAE04EC0-301F-11D3-BF4B-00C04F79EFBC}") = "HasarIhbar.Tests.Integration", "tests\HasarIhbar.Tests.Integration\HasarIhbar.Tests.Integration.csproj", "{D9CB92A2-E7B2-4D6D-8A13-31167C98B2E6}"
EndProject
Project("{FAE04EC0-301F-11D3-BF4B-00C04F79EFBC}") = "HasarIhbar.Tests.E2E", "tests\HasarIhbar.Tests.E2E\HasarIhbar.Tests.E2E.csproj", "{C53D44AD-E41E-47F8-8517-7F80AF482480}"
EndProject
Global
	GlobalSection(SolutionConfigurationPlatforms) = preSolution
		Debug|Any CPU = Debug|Any CPU
		Debug|x64 = Debug|x64
		Debug|x86 = Debug|x86
		Release|Any CPU = Release|Any CPU
		Release|x64 = Release|x64
		Release|x86 = Release|x86
	EndGlobalSection
	GlobalSection(ProjectConfigurationPlatforms) = postSolution
		{2F1360BF-7880-4A14-A97B-DE092C112B05}.Debug|Any CPU.ActiveCfg = Debug|Any CPU
		{2F1360BF-7880-4A14-A97B-DE092C112B05}.Debug|Any CPU.Build.0 = Debug|Any CPU
		{2F1360BF-7880-4A14-A97B-DE092C112B05}.Debug|x64.ActiveCfg = Debug|Any CPU
		{2F1360BF-7880-4A14-A97B-DE092C112B05}.Debug|x64.Build.0 = Debug|Any CPU
		{2F1360BF-7880-4A14-A97B-DE092C112B05}.Debug|x86.ActiveCfg = Debug|Any CPU
		{2F1360BF-7880-4A14-A97B-DE092C112B05}.Debug|x86.Build.0 = Debug|Any CPU
		{2F1360BF-7880-4A14-A97B-DE092C112B05}.Release|Any CPU.ActiveCfg = Release|Any CPU
		{2F1360BF-7880-4A14-A97B-DE092C112B05}.Release|Any CPU.Build.0 = Release|Any CPU
		{2F1360BF-7880-4A14-A97B-DE092C112B05}.Release|x64.ActiveCfg = Release|Any CPU
		{2F1360BF-7880-4A14-A97B-DE092C112B05}.Release|x64.Build.0 = Release|Any CPU
		{2F1360BF-7880-4A14-A97B-DE092C112B05}.Release|x86.ActiveCfg = Release|Any CPU
		{2F1360BF-7880-4A14-A97B-DE092C112B05}.Release|x86.Build.0 = Release|Any CPU
		{EEEABE3A-4A11-4B03-AE53-CC90DE15A230}.Debug|Any CPU.ActiveCfg = Debug|Any CPU
		{EEEABE3A-4A11-4B03-AE53-CC90DE15A230}.Debug|Any CPU.Build.0 = Debug|Any CPU
		{EEEABE3A-4A11-4B03-AE53-CC90DE15A230}.Debug|x64.ActiveCfg = Debug|Any CPU
		{EEEABE3A-4A11-4B03-AE53-CC90DE15A230}.Debug|x64.Build.0 = Debug|Any CPU
		{EEEABE3A-4A11-4B03-AE53-CC90DE15A230}.Debug|x86.ActiveCfg = Debug|Any CPU
		{EEEABE3A-4A11-4B03-AE53-CC90DE15A230}.Debug|x86.Build.0 = Debug|Any CPU
		{EEEABE3A-4A11-4B03-AE53-CC90DE15A230}.Release|Any CPU.ActiveCfg = Release|Any CPU
		{EEEABE3A-4A11-4B03-AE53-CC90DE15A230}.Release|Any CPU.Build.0 = Release|Any CPU
		{EEEABE3A-4A11-4B03-AE53-CC90DE15A230}.Release|x64.ActiveCfg = Release|Any CPU
		{EEEABE3A-4A11-4B03-AE53-CC90DE15A230}.Release|x64.Build.0 = Release|Any CPU
		{EEEABE3A-4A11-4B03-AE53-CC90DE15A230}.Release|x86.ActiveCfg = Release|Any CPU
		{EEEABE3A-4A11-4B03-AE53-CC90DE15A230}.Release|x86.Build.0 = Release|Any CPU
		{86FEF6ED-1831-4F06-850C-017ACA8BDD62}.Debug|Any CPU.ActiveCfg = Debug|Any CPU
		{86FEF6ED-1831-4F06-850C-017ACA8BDD62}.Debug|Any CPU.Build.0 = Debug|Any CPU
		{86FEF6ED-1831-4F06-850C-017ACA8BDD62}.Debug|x64.ActiveCfg = Debug|Any CPU
		{86FEF6ED-1831-4F06-850C-017ACA8BDD62}.Debug|x64.Build.0 = Debug|Any CPU
		{86FEF6ED-1831-4F06-850C-017ACA8BDD62}.Debug|x86.ActiveCfg = Debug|Any CPU
		{86FEF6ED-1831-4F06-850C-017ACA8BDD62}.Debug|x86.Build.0 = Debug|Any CPU
		{86FEF6ED-1831-4F06-850C-017ACA8BDD62}.Release|Any CPU.ActiveCfg = Release|Any CPU
		{86FEF6ED-1831-4F06-850C-017ACA8BDD62}.Release|Any CPU.Build.0 = Release|Any CPU
		{86FEF6ED-1831-4F06-850C-017ACA8BDD62}.Release|x64.ActiveCfg = Release|Any CPU
		{86FEF6ED-1831-4F06-850C-017ACA8BDD62}.Release|x64.Build.0 = Release|Any CPU
		{86FEF6ED-1831-4F06-850C-017ACA8BDD62}.Release|x86.ActiveCfg = Release|Any CPU
		{86FEF6ED-1831-4F06-850C-017ACA8BDD62}.Release|x86.Build.0 = Release|Any CPU
		{99C13319-4B6B-4AC4-83F0-D4063884C954}.Debug|Any CPU.ActiveCfg = Debug|Any CPU
		{99C13319-4B6B-4AC4-83F0-D4063884C954}.Debug|Any CPU.Build.0 = Debug|Any CPU
		{99C13319-4B6B-4AC4-83F0-D4063884C954}.Debug|x64.ActiveCfg = Debug|Any CPU
		{99C13319-4B6B-4AC4-83F0-D4063884C954}.Debug|x64.Build.0 = Debug|Any CPU
		{99C13319-4B6B-4AC4-83F0-D4063884C954}.Debug|x86.ActiveCfg = Debug|Any CPU
		{99C13319-4B6B-4AC4-83F0-D4063884C954}.Debug|x86.Build.0 = Debug|Any CPU
		{99C13319-4B6B-4AC4-83F0-D4063884C954}.Release|Any CPU.ActiveCfg = Release|Any CPU
		{99C13319-4B6B-4AC4-83F0-D4063884C954}.Release|Any CPU.Build.0 = Release|Any CPU
		{99C13319-4B6B-4AC4-83F0-D4063884C954}.Release|x64.ActiveCfg = Release|Any CPU
		{99C13319-4B6B-4AC4-83F0-D4063884C954}.Release|x64.Build.0 = Release|Any CPU
		{99C13319-4B6B-4AC4-83F0-D4063884C954}.Release|x86.ActiveCfg = Release|Any CPU
		{99C13319-4B6B-4AC4-83F0-D4063884C954}.Release|x86.Build.0 = Release|Any CPU
		{2461165F-B2B3-4AAE-AE4E-D0A11DFCAD8F}.Debug|Any CPU.ActiveCfg = Debug|Any CPU
		{2461165F-B2B3-4AAE-AE4E-D0A11DFCAD8F}.Debug|Any CPU.Build.0 = Debug|Any CPU
		{2461165F-B2B3-4AAE-AE4E-D0A11DFCAD8F}.Debug|x64.ActiveCfg = Debug|Any CPU
		{2461165F-B2B3-4AAE-AE4E-D0A11DFCAD8F}.Debug|x64.Build.0 = Debug|Any CPU
		{2461165F-B2B3-4AAE-AE4E-D0A11DFCAD8F}.Debug|x86.ActiveCfg = Debug|Any CPU
		{2461165F-B2B3-4AAE-AE4E-D0A11DFCAD8F}.Debug|x86.Build.0 = Debug|Any CPU
		{2461165F-B2B3-4AAE-AE4E-D0A11DFCAD8F}.Release|Any CPU.ActiveCfg = Release|Any CPU
		{2461165F-B2B3-4AAE-AE4E-D0A11DFCAD8F}.Release|Any CPU.Build.0 = Release|Any CPU
		{2461165F-B2B3-4AAE-AE4E-D0A11DFCAD8F}.Release|x64.ActiveCfg = Release|Any CPU
		{2461165F-B2B3-4AAE-AE4E-D0A11DFCAD8F}.Release|x64.Build.0 = Release|Any CPU
		{2461165F-B2B3-4AAE-AE4E-D0A11DFCAD8F}.Release|x86.ActiveCfg = Release|Any CPU
		{2461165F-B2B3-4AAE-AE4E-D0A11DFCAD8F}.Release|x86.Build.0 = Release|Any CPU
		{D9CB92A2-E7B2-4D6D-8A13-31167C98B2E6}.Debug|Any CPU.ActiveCfg = Debug|Any CPU
		{D9CB92A2-E7B2-4D6D-8A13-31167C98B2E6}.Debug|Any CPU.Build.0 = Debug|Any CPU
		{D9CB92A2-E7B2-4D6D-8A13-31167C98B2E6}.Debug|x64.ActiveCfg = Debug|Any CPU
		{D9CB92A2-E7B2-4D6D-8A13-31167C98B2E6}.Debug|x64.Build.0 = Debug|Any CPU
		{D9CB92A2-E7B2-4D6D-8A13-31167C98B2E6}.Debug|x86.ActiveCfg = Debug|Any CPU
		{D9CB92A2-E7B2-4D6D-8A13-31167C98B2E6}.Debug|x86.Build.0 = Debug|Any CPU
		{D9CB92A2-E7B2-4D6D-8A13-31167C98B2E6}.Release|Any CPU.ActiveCfg = Release|Any CPU
		{D9CB92A2-E7B2-4D6D-8A13-31167C98B2E6}.Release|Any CPU.Build.0 = Release|Any CPU
		{D9CB92A2-E7B2-4D6D-8A13-31167C98B2E6}.Release|x64.ActiveCfg = Release|Any CPU
		{D9CB92A2-E7B2-4D6D-8A13-31167C98B2E6}.Release|x64.Build.0 = Release|Any CPU
		{D9CB92A2-E7B2-4D6D-8A13-31167C98B2E6}.Release|x86.ActiveCfg = Release|Any CPU
		{D9CB92A2-E7B2-4D6D-8A13-31167C98B2E6}.Release|x86.Build.0 = Release|Any CPU
		{C53D44AD-E41E-47F8-8517-7F80AF482480}.Debug|Any CPU.ActiveCfg = Debug|Any CPU
		{C53D44AD-E41E-47F8-8517-7F80AF482480}.Debug|Any CPU.Build.0 = Debug|Any CPU
		{C53D44AD-E41E-47F8-8517-7F80AF482480}.Debug|x64.ActiveCfg = Debug|Any CPU
		{C53D44AD-E41E-47F8-8517-7F80AF482480}.Debug|x64.Build.0 = Debug|Any CPU
		{C53D44AD-E41E-47F8-8517-7F80AF482480}.Debug|x86.ActiveCfg = Debug|Any CPU
		{C53D44AD-E41E-47F8-8517-7F80AF482480}.Debug|x86.Build.0 = Debug|Any CPU
		{C53D44AD-E41E-47F8-8517-7F80AF482480}.Release|Any CPU.ActiveCfg = Release|Any CPU
		{C53D44AD-E41E-47F8-8517-7F80AF482480}.Release|Any CPU.Build.0 = Release|Any CPU
		{C53D44AD-E41E-47F8-8517-7F80AF482480}.Release|x64.ActiveCfg = Release|Any CPU
		{C53D44AD-E41E-47F8-8517-7F80AF482480}.Release|x64.Build.0 = Release|Any CPU
		{C53D44AD-E41E-47F8-8517-7F80AF482480}.Release|x86.ActiveCfg = Release|Any CPU
		{C53D44AD-E41E-47F8-8517-7F80AF482480}.Release|x86.Build.0 = Release|Any CPU
	EndGlobalSection
	GlobalSection(SolutionProperties) = preSolution
		HideSolutionNode = FALSE
	EndGlobalSection
	GlobalSection(NestedProjects) = preSolution
		{2F1360BF-7880-4A14-A97B-DE092C112B05} = {827E0CD3-B72D-47B6-A68D-7590B98EB39B}
		{EEEABE3A-4A11-4B03-AE53-CC90DE15A230} = {827E0CD3-B72D-47B6-A68D-7590B98EB39B}
		{86FEF6ED-1831-4F06-850C-017ACA8BDD62} = {827E0CD3-B72D-47B6-A68D-7590B98EB39B}
		{99C13319-4B6B-4AC4-83F0-D4063884C954} = {827E0CD3-B72D-47B6-A68D-7590B98EB39B}
		{2461165F-B2B3-4AAE-AE4E-D0A11DFCAD8F} = {0AB3BF05-4346-4AA6-1389-037BE0695223}
		{D9CB92A2-E7B2-4D6D-8A13-31167C98B2E6} = {0AB3BF05-4346-4AA6-1389-037BE0695223}
		{C53D44AD-E41E-47F8-8517-7F80AF482480} = {0AB3BF05-4346-4AA6-1389-037BE0695223}
	EndGlobalSection
EndGlobal
